// !$*UTF8*$!
{
	archiveVersion = 1;
	classes = {
	};
	objectVersion = 50;
	objects = {

/* Begin PBXBuildFile section */
		701CACAA2272DA8700802AD4 /* AppDelegate.swift in Sources */ = {isa = PBXBuildFile; fileRef = 701CACA92272DA8700802AD4 /* AppDelegate.swift */; };
		701CACAC2272DA8700802AD4 /* ViewController.swift in Sources */ = {isa = PBXBuildFile; fileRef = 701CACAB2272DA8700802AD4 /* ViewController.swift */; };
		701CACAF2272DA8700802AD4 /* Main.storyboard in Resources */ = {isa = PBXBuildFile; fileRef = 701CACAD2272DA8700802AD4 /* Main.storyboard */; };
		701CACB12272DA8900802AD4 /* Assets.xcassets in Resources */ = {isa = PBXBuildFile; fileRef = 701CACB02272DA8900802AD4 /* Assets.xcassets */; };
		701CACB42272DA8900802AD4 /* LaunchScreen.storyboard in Resources */ = {isa = PBXBuildFile; fileRef = 701CACB22272DA8900802AD4 /* LaunchScreen.storyboard */; };
		701CACBD2272F19900802AD4 /* Banda.storyboard in Resources */ = {isa = PBXBuildFile; fileRef = 701CACBC2272F19900802AD4 /* Banda.storyboard */; };
		701CACBF2272F1B500802AD4 /* Trivia.storyboard in Resources */ = {isa = PBXBuildFile; fileRef = 701CACBE2272F1B500802AD4 /* Trivia.storyboard */; };
		701CACC12272F1C300802AD4 /* Souvenirs.storyboard in Resources */ = {isa = PBXBuildFile; fileRef = 701CACC02272F1C300802AD4 /* Souvenirs.storyboard */; };
		70705B82227335900040F5ED /* ClassDiscography.swift in Sources */ = {isa = PBXBuildFile; fileRef = 70705B81227335900040F5ED /* ClassDiscography.swift */; };
		70705B84227335B40040F5ED /* ClassMoreInfo.swift in Sources */ = {isa = PBXBuildFile; fileRef = 70705B83227335B40040F5ED /* ClassMoreInfo.swift */; };
		70E1883622735CBE0002907B /* Credits.storyboard in Resources */ = {isa = PBXBuildFile; fileRef = 70E1883522735CBE0002907B /* Credits.storyboard */; };
		70E18838227378C10002907B /* CreditsVC.swift in Sources */ = {isa = PBXBuildFile; fileRef = 70E18837227378C10002907B /* CreditsVC.swift */; };
		70E1883A22737AD10002907B /* BandaVC.swift in Sources */ = {isa = PBXBuildFile; fileRef = 70E1883922737AD10002907B /* BandaVC.swift */; };
/* End PBXBuildFile section */

/* Begin PBXFileReference section */
		701CACA62272DA8700802AD4 /* BandaAppCourse.app */ = {isa = PBXFileReference; explicitFileType = wrapper.application; includeInIndex = 0; path = BandaAppCourse.app; sourceTree = BUILT_PRODUCTS_DIR; };
		701CACA92272DA8700802AD4 /* AppDelegate.swift */ = {isa = PBXFileReference; lastKnownFileType = sourcecode.swift; path = AppDelegate.swift; sourceTree = "<group>"; };
		701CACAB2272DA8700802AD4 /* ViewController.swift */ = {isa = PBXFileReference; lastKnownFileType = sourcecode.swift; path = ViewController.swift; sourceTree = "<group>"; };
		701CACAE2272DA8700802AD4 /* Base */ = {isa = PBXFileReference; lastKnownFileType = file.storyboard; name = Base; path = Base.lproj/Main.storyboard; sourceTree = "<group>"; };
		701CACB02272DA8900802AD4 /* Assets.xcassets */ = {isa = PBXFileReference; lastKnownFileType = folder.assetcatalog; path = Assets.xcassets; sourceTree = "<group>"; };
		701CACB32272DA8900802AD4 /* Base */ = {isa = PBXFileReference; lastKnownFileType = file.storyboard; name = Base; path = Base.lproj/LaunchScreen.storyboard; sourceTree = "<group>"; };
		701CACB52272DA8900802AD4 /* Info.plist */ = {isa = PBXFileReference; lastKnownFileType = text.plist.xml; path = Info.plist; sourceTree = "<group>"; };
		701CACBC2272F19900802AD4 /* Banda.storyboard */ = {isa = PBXFileReference; lastKnownFileType = file.storyboard; path = Banda.storyboard; sourceTree = "<group>"; };
		701CACBE2272F1B500802AD4 /* Trivia.storyboard */ = {isa = PBXFileReference; lastKnownFileType = file.storyboard; path = Trivia.storyboard; sourceTree = "<group>"; };
		701CACC02272F1C300802AD4 /* Souvenirs.storyboard */ = {isa = PBXFileReference; lastKnownFileType = file.storyboard; path = Souvenirs.storyboard; sourceTree = "<group>"; };
		70705B81227335900040F5ED /* ClassDiscography.swift */ = {isa = PBXFileReference; lastKnownFileType = sourcecode.swift; path = ClassDiscography.swift; sourceTree = "<group>"; };
		70705B83227335B40040F5ED /* ClassMoreInfo.swift */ = {isa = PBXFileReference; lastKnownFileType = sourcecode.swift; path = ClassMoreInfo.swift; sourceTree = "<group>"; };
		70E1883522735CBE0002907B /* Credits.storyboard */ = {isa = PBXFileReference; lastKnownFileType = file.storyboard; path = Credits.storyboard; sourceTree = "<group>"; };
		70E18837227378C10002907B /* CreditsVC.swift */ = {isa = PBXFileReference; lastKnownFileType = sourcecode.swift; path = CreditsVC.swift; sourceTree = "<group>"; };
		70E1883922737AD10002907B /* BandaVC.swift */ = {isa = PBXFileReference; lastKnownFileType = sourcecode.swift; path = BandaVC.swift; sourceTree = "<group>"; };
/* End PBXFileReference section */

/* Begin PBXFrameworksBuildPhase section */
		701CACA32272DA8700802AD4 /* Frameworks */ = {
			isa = PBXFrameworksBuildPhase;
			buildActionMask = 2147483647;
			files = (
			);
			runOnlyForDeploymentPostprocessing = 0;
		};
/* End PBXFrameworksBuildPhase section */

/* Begin PBXGroup section */
		701CAC9D2272DA8700802AD4 = {
			isa = PBXGroup;
			children = (
				701CACA82272DA8700802AD4 /* BandaAppCourse */,
				701CACA72272DA8700802AD4 /* Products */,
			);
			sourceTree = "<group>";
		};
		701CACA72272DA8700802AD4 /* Products */ = {
			isa = PBXGroup;
			children = (
				701CACA62272DA8700802AD4 /* BandaAppCourse.app */,
			);
			name = Products;
			sourceTree = "<group>";
		};
		701CACA82272DA8700802AD4 /* BandaAppCourse */ = {
			isa = PBXGroup;
			children = (
				701CACBB2272F15C00802AD4 /* Storyboards */,
				701CACA92272DA8700802AD4 /* AppDelegate.swift */,
				701CACAB2272DA8700802AD4 /* ViewController.swift */,
				701CACAD2272DA8700802AD4 /* Main.storyboard */,
				701CACB02272DA8900802AD4 /* Assets.xcassets */,
				701CACB22272DA8900802AD4 /* LaunchScreen.storyboard */,
				701CACB52272DA8900802AD4 /* Info.plist */,
			);
			path = BandaAppCourse;
			sourceTree = "<group>";
		};
		701CACBB2272F15C00802AD4 /* Storyboards */ = {
			isa = PBXGroup;
			children = (
				701CACBC2272F19900802AD4 /* Banda.storyboard */,
				70E1883922737AD10002907B /* BandaVC.swift */,
				70705B83227335B40040F5ED /* ClassMoreInfo.swift */,
				70705B81227335900040F5ED /* ClassDiscography.swift */,
				701CACBE2272F1B500802AD4 /* Trivia.storyboard */,
				701CACC02272F1C300802AD4 /* Souvenirs.storyboard */,
				70E1883522735CBE0002907B /* Credits.storyboard */,
				70E18837227378C10002907B /* CreditsVC.swift */,
			);
			path = Storyboards;
			sourceTree = "<group>";
		};
/* End PBXGroup section */

/* Begin PBXNativeTarget section */
		701CACA52272DA8700802AD4 /* BandaAppCourse */ = {
			isa = PBXNativeTarget;
			buildConfigurationList = 701CACB82272DA8900802AD4 /* Build configuration list for PBXNativeTarget "BandaAppCourse" */;
			buildPhases = (
				701CACA22272DA8700802AD4 /* Sources */,
				701CACA32272DA8700802AD4 /* Frameworks */,
				701CACA42272DA8700802AD4 /* Resources */,
			);
			buildRules = (
			);
			dependencies = (
			);
			name = BandaAppCourse;
			productName = BandaAppCourse;
			productReference = 701CACA62272DA8700802AD4 /* BandaAppCourse.app */;
			productType = "com.apple.product-type.application";
		};
/* End PBXNativeTarget section */

/* Begin PBXProject section */
		701CAC9E2272DA8700802AD4 /* Project object */ = {
			isa = PBXProject;
			attributes = {
				LastSwiftUpdateCheck = 1010;
				LastUpgradeCheck = 1010;
				ORGANIZATIONNAME = "Erick Barcenas";
				TargetAttributes = {
					701CACA52272DA8700802AD4 = {
						CreatedOnToolsVersion = 10.1;
					};
				};
			};
			buildConfigurationList = 701CACA12272DA8700802AD4 /* Build configuration list for PBXProject "BandaAppCourse" */;
			compatibilityVersion = "Xcode 9.3";
			developmentRegion = en;
			hasScannedForEncodings = 0;
			knownRegions = (
				en,
				Base,
			);
			mainGroup = 701CAC9D2272DA8700802AD4;
			productRefGroup = 701CACA72272DA8700802AD4 /* Products */;
			projectDirPath = "";
			projectRoot = "";
			targets = (
				701CACA52272DA8700802AD4 /* BandaAppCourse */,
			);
		};
/* End PBXProject section */

/* Begin PBXResourcesBuildPhase section */
		701CACA42272DA8700802AD4 /* Resources */ = {
			isa = PBXResourcesBuildPhase;
			buildActionMask = 2147483647;
			files = (
				701CACB42272DA8900802AD4 /* LaunchScreen.storyboard in Resources */,
				701CACBD2272F19900802AD4 /* Banda.storyboard in Resources */,
				70E1883622735CBE0002907B /* Credits.storyboard in Resources */,
				701CACBF2272F1B500802AD4 /* Trivia.storyboard in Resources */,
				701CACB12272DA8900802AD4 /* Assets.xcassets in Resources */,
				701CACAF2272DA8700802AD4 /* Main.storyboard in Resources */,
				701CACC12272F1C300802AD4 /* Souvenirs.storyboard in Resources */,
			);
			runOnlyForDeploymentPostprocessing = 0;
		};
/* End PBXResourcesBuildPhase section */

/* Begin PBXSourcesBuildPhase section */
		701CACA22272DA8700802AD4 /* Sources */ = {
			isa = PBXSourcesBuildPhase;
			buildActionMask = 2147483647;
			files = (
				701CACAC2272DA8700802AD4 /* ViewController.swift in Sources */,
				70E18838227378C10002907B /* CreditsVC.swift in Sources */,
				70705B82227335900040F5ED /* ClassDiscography.swift in Sources */,
				70E1883A22737AD10002907B /* BandaVC.swift in Sources */,
				701CACAA2272DA8700802AD4 /* AppDelegate.swift in Sources */,
				70705B84227335B40040F5ED /* ClassMoreInfo.swift in Sources */,
			);
			runOnlyForDeploymentPostprocessing = 0;
		};
/* End PBXSourcesBuildPhase section */

/* Begin PBXVariantGroup section */
		701CACAD2272DA8700802AD4 /* Main.storyboard */ = {
			isa = PBXVariantGroup;
			children = (
				701CACAE2272DA8700802AD4 /* Base */,
			);
			name = Main.storyboard;
			sourceTree = "<group>";
		};
		701CACB22272DA8900802AD4 /* LaunchScreen.storyboard */ = {
			isa = PBXVariantGroup;
			children = (
				701CACB32272DA8900802AD4 /* Base */,
			);
			name = LaunchScreen.storyboard;
			sourceTree = "<group>";
		};
/* End PBXVariantGroup section */

/* Begin XCBuildConfiguration section */
		701CACB62272DA8900802AD4 /* Debug */ = {
			isa = XCBuildConfiguration;
			buildSettings = {
				ALWAYS_SEARCH_USER_PATHS = NO;
				CLANG_ANALYZER_NONNULL = YES;
				CLANG_ANALYZER_NUMBER_OBJECT_CONVERSION = YES_AGGRESSIVE;
				CLANG_CXX_LANGUAGE_STANDARD = "gnu++14";
				CLANG_CXX_LIBRARY = "libc++";
				CLANG_ENABLE_MODULES = YES;
				CLANG_ENABLE_OBJC_ARC = YES;
				CLANG_ENABLE_OBJC_WEAK = YES;
				CLANG_WARN_BLOCK_CAPTURE_AUTORELEASING = YES;
				CLANG_WARN_BOOL_CONVERSION = YES;
				CLANG_WARN_COMMA = YES;
				CLANG_WARN_CONSTANT_CONVERSION = YES;
				CLANG_WARN_DEPRECATED_OBJC_IMPLEMENTATIONS = YES;
				CLANG_WARN_DIRECT_OBJC_ISA_USAGE = YES_ERROR;
				CLANG_WARN_DOCUMENTATION_COMMENTS = YES;
				CLANG_WARN_EMPTY_BODY = YES;
				CLANG_WARN_ENUM_CONVERSION = YES;
				CLANG_WARN_INFINITE_RECURSION = YES;
				CLANG_WARN_INT_CONVERSION = YES;
				CLANG_WARN_NON_LITERAL_NULL_CONVERSION = YES;
				CLANG_WARN_OBJC_IMPLICIT_RETAIN_SELF = YES;
				CLANG_WARN_OBJC_LITERAL_CONVERSION = YES;
				CLANG_WARN_OBJC_ROOT_CLASS = YES_ERROR;
				CLANG_WARN_RANGE_LOOP_ANALYSIS = YES;
				CLANG_WARN_STRICT_PROTOTYPES = YES;
				CLANG_WARN_SUSPICIOUS_MOVE = YES;
				CLANG_WARN_UNGUARDED_AVAILABILITY = YES_AGGRESSIVE;
				CLANG_WARN_UNREACHABLE_CODE = YES;
				CLANG_WARN__DUPLICATE_METHOD_MATCH = YES;
				CODE_SIGN_IDENTITY = "iPhone Developer";
				COPY_PHASE_STRIP = NO;
				DEBUG_INFORMATION_FORMAT = dwarf;
				ENABLE_STRICT_OBJC_MSGSEND = YES;
				ENABLE_TESTABILITY = YES;
				GCC_C_LANGUAGE_STANDARD = gnu11;
				GCC_DYNAMIC_NO_PIC = NO;
				GCC_NO_COMMON_BLOCKS = YES;
				GCC_OPTIMIZATION_LEVEL = 0;
				GCC_PREPROCESSOR_DEFINITIONS = (
					"DEBUG=1",
					"$(inherited)",
				);
				GCC_WARN_64_TO_32_BIT_CONVERSION = YES;
				GCC_WARN_ABOUT_RETURN_TYPE = YES_ERROR;
				GCC_WARN_UNDECLARED_SELECTOR = YES;
				GCC_WARN_UNINITIALIZED_AUTOS = YES_AGGRESSIVE;
				GCC_WARN_UNUSED_FUNCTION = YES;
				GCC_WARN_UNUSED_VARIABLE = YES;
				IPHONEOS_DEPLOYMENT_TARGET = 12.1;
				MTL_ENABLE_DEBUG_INFO = INCLUDE_SOURCE;
				MTL_FAST_MATH = YES;
				ONLY_ACTIVE_ARCH = YES;
				SDKROOT = iphoneos;
				SWIFT_ACTIVE_COMPILATION_CONDITIONS = DEBUG;
				SWIFT_OPTIMIZATION_LEVEL = "-Onone";
			};
			name = Debug;
		};
		701CACB72272DA8900802AD4 /* Release */ = {
			isa = XCBuildConfiguration;
			buildSettings = {
				ALWAYS_SEARCH_USER_PATHS = NO;
				CLANG_ANALYZER_NONNULL = YES;
				CLANG_ANALYZER_NUMBER_OBJECT_CONVERSION = YES_AGGRESSIVE;
				CLANG_CXX_LANGUAGE_STANDARD = "gnu++14";
				CLANG_CXX_LIBRARY = "libc++";
				CLANG_ENABLE_MODULES = YES;
				CLANG_ENABLE_OBJC_ARC = YES;
				CLANG_ENABLE_OBJC_WEAK = YES;
				CLANG_WARN_BLOCK_CAPTURE_AUTORELEASING = YES;
				CLANG_WARN_BOOL_CONVERSION = YES;
				CLANG_WARN_COMMA = YES;
				CLANG_WARN_CONSTANT_CONVERSION = YES;
				CLANG_WARN_DEPRECATED_OBJC_IMPLEMENTATIONS = YES;
				CLANG_WARN_DIRECT_OBJC_ISA_USAGE = YES_ERROR;
				CLANG_WARN_DOCUMENTATION_COMMENTS = YES;
				CLANG_WARN_EMPTY_BODY = YES;
				CLANG_WARN_ENUM_CONVERSION = YES;
				CLANG_WARN_INFINITE_RECURSION = YES;
				CLANG_WARN_INT_CONVERSION = YES;
				CLANG_WARN_NON_LITERAL_NULL_CONVERSION = YES;
				CLANG_WARN_OBJC_IMPLICIT_RETAIN_SELF = YES;
				CLANG_WARN_OBJC_LITERAL_CONVERSION = YES;
				CLANG_WARN_OBJC_ROOT_CLASS = YES_ERROR;
				CLANG_WARN_RANGE_LOOP_ANALYSIS = YES;
				CLANG_WARN_STRICT_PROTOTYPES = YES;
				CLANG_WARN_SUSPICIOUS_MOVE = YES;
				CLANG_WARN_UNGUARDED_AVAILABILITY = YES_AGGRESSIVE;
				CLANG_WARN_UNREACHABLE_CODE = YES;
				CLANG_WARN__DUPLICATE_METHOD_MATCH = YES;
				CODE_SIGN_IDENTITY = "iPhone Developer";
				COPY_PHASE_STRIP = NO;
				DEBUG_INFORMATION_FORMAT = "dwarf-with-dsym";
				ENABLE_NS_ASSERTIONS = NO;
				ENABLE_STRICT_OBJC_MSGSEND = YES;
				GCC_C_LANGUAGE_STANDARD = gnu11;
				GCC_NO_COMMON_BLOCKS = YES;
				GCC_WARN_64_TO_32_BIT_CONVERSION = YES;
				GCC_WARN_ABOUT_RETURN_TYPE = YES_ERROR;
				GCC_WARN_UNDECLARED_SELECTOR = YES;
				GCC_WARN_UNINITIALIZED_AUTOS = YES_AGGRESSIVE;
				GCC_WARN_UNUSED_FUNCTION = YES;
				GCC_WARN_UNUSED_VARIABLE = YES;
				IPHONEOS_DEPLOYMENT_TARGET = 12.1;
				MTL_ENABLE_DEBUG_INFO = NO;
				MTL_FAST_MATH = YES;
				SDKROOT = iphoneos;
				SWIFT_COMPILATION_MODE = wholemodule;
				SWIFT_OPTIMIZATION_LEVEL = "-O";
				VALIDATE_PRODUCT = YES;
			};
			name = Release;
		};
		701CACB92272DA8900802AD4 /* Debug */ = {
			isa = XCBuildConfiguration;
			buildSettings = {
				ASSETCATALOG_COMPILER_APPICON_NAME = AppIcon;
				CODE_SIGN_STYLE = Automatic;
				INFOPLIST_FILE = BandaAppCourse/Info.plist;
				LD_RUNPATH_SEARCH_PATHS = (
					"$(inherited)",
					"@executable_path/Frameworks",
				);
				PRODUCT_BUNDLE_IDENTIFIER = com.example.BandaAppCourse;
				PRODUCT_NAME = "$(TARGET_NAME)";
				SWIFT_VERSION = 4.2;
				TARGETED_DEVICE_FAMILY = "1,2";
			};
			name = Debug;
		};
		701CACBA2272DA8900802AD4 /* Release */ = {
			isa = XCBuildConfiguration;
			buildSettings = {
				ASSETCATALOG_COMPILER_APPICON_NAME = AppIcon;
				CODE_SIGN_STYLE = Automatic;
				INFOPLIST_FILE = BandaAppCourse/Info.plist;
				LD_RUNPATH_SEARCH_PATHS = (
					"$(inherited)",
					"@executable_path/Frameworks",
				);
				PRODUCT_BUNDLE_IDENTIFIER = com.example.BandaAppCourse;
				PRODUCT_NAME = "$(TARGET_NAME)";
				SWIFT_VERSION = 4.2;
				TARGETED_DEVICE_FAMILY = "1,2";
			};
			name = Release;
		};
/* End XCBuildConfiguration section */

/* Begin XCConfigurationList section */
		701CACA12272DA8700802AD4 /* Build configuration list for PBXProject "BandaAppCourse" */ = {
			isa = XCConfigurationList;
			buildConfigurations = (
				701CACB62272DA8900802AD4 /* Debug */,
				701CACB72272DA8900802AD4 /* Release */,
			);
			defaultConfigurationIsVisible = 0;
			defaultConfigurationName = Release;
		};
		701CACB82272DA8900802AD4 /* Build configuration list for PBXNativeTarget "BandaAppCourse" */ = {
			isa = XCConfigurationList;
			buildConfigurations = (
				701CACB92272DA8900802AD4 /* Debug */,
				701CACBA2272DA8900802AD4 /* Release */,
			);
			defaultConfigurationIsVisible = 0;
			defaultConfigurationName = Release;
		};
/* End XCConfigurationList section */
	};
	rootObject = 701CAC9E2272DA8700802AD4 /* Project object */;
}
